
Microsoft Visual Studio Solution File, Format Version 12.00
# Visual Studio 14
VisualStudioVersion = 14.0.25420.1
MinimumVisualStudioVersion = 10.0.40219.1
Project("{FAE04EC0-301F-11D3-BF4B-00C04F79EFBC}") = "HGInetMiFacturaElectronicaWeb", "HGInetMiFacturaElectronicaWeb\HGInetMiFacturaElectronicaWeb.csproj", "{AC6AED45-A02D-4DF9-8CBF-2BF90C3CB491}"
EndProject
Project("{FAE04EC0-301F-11D3-BF4B-00C04F79EFBC}") = "HGInetMiFacturaElectonicaData", "HGInetMiFacturaElectonicaData\HGInetMiFacturaElectonicaData.csproj", "{B3B46672-9956-48F5-B7CE-24C013995E47}"
EndProject
Project("{FAE04EC0-301F-11D3-BF4B-00C04F79EFBC}") = "HGInetUBL", "HGInetUBL\HGInetUBL.csproj", "{E571F23F-B598-4DB1-893B-D94EC0354775}"
EndProject
Project("{FAE04EC0-301F-11D3-BF4B-00C04F79EFBC}") = "LibreriaGlobalHGInet", "LibreriaGlobalHGInet\LibreriaGlobalHGInet.csproj", "{A966A394-F6CC-482F-87A4-56EC1AF05E5E}"
EndProject
Project("{FAE04EC0-301F-11D3-BF4B-00C04F79EFBC}") = "HGInetUtilidadAzure", "HGInetUtilidadAzure\HGInetUtilidadAzure.csproj", "{F112EDD7-AAE3-46CE-9A87-0BFAF3EDAF3E}"
EndProject
Project("{FAE04EC0-301F-11D3-BF4B-00C04F79EFBC}") = "HGInetMiFacturaElectonicaController", "HGInetMiFacturaElectonicaController\HGInetMiFacturaElectonicaController.csproj", "{29CB08F8-08EA-40AE-AFD6-7A2A6C0D13D0}"
EndProject
Project("{FAE04EC0-301F-11D3-BF4B-00C04F79EFBC}") = "HGInetFacturaEServicios", "HGInetFacturaEServicios\HGInetFacturaEServicios.csproj", "{EE6399C8-F3C3-4537-B048-DBF0AD505F4D}"
	ProjectSection(ProjectDependencies) = postProject
		{AC6AED45-A02D-4DF9-8CBF-2BF90C3CB491} = {AC6AED45-A02D-4DF9-8CBF-2BF90C3CB491}
	EndProjectSection
EndProject
Project("{2150E333-8FDC-42A3-9474-1A3956D46DE8}") = "Documentacion", "Documentacion", "{2088ABAD-E463-4F38-8668-C410072AC57F}"
EndProject
Project("{2150E333-8FDC-42A3-9474-1A3956D46DE8}") = "ManualTecnico", "ManualTecnico", "{EFD98A42-3E60-459D-9574-8270FBFAC35E}"
	ProjectSection(SolutionItems) = preProject
		Documentacion\ManualTecnico\20180327-ManualTecnicoServiciosFacturacionElectronica.pdf = Documentacion\ManualTecnico\20180327-ManualTecnicoServiciosFacturacionElectronica.pdf
		Documentacion\ManualTecnico\20180409-ManualTecnicoServiciosFacturacionElectronica.pdf = Documentacion\ManualTecnico\20180409-ManualTecnicoServiciosFacturacionElectronica.pdf
		Documentacion\ManualTecnico\20180413-ManualTecnicoServiciosFacturacionElectronica.pdf = Documentacion\ManualTecnico\20180413-ManualTecnicoServiciosFacturacionElectronica.pdf
		Documentacion\ManualTecnico\20180425-ManualTecnicoServiciosFacturacionElectronica.pdf = Documentacion\ManualTecnico\20180425-ManualTecnicoServiciosFacturacionElectronica.pdf
		Documentacion\ManualTecnico\ManualArquitecturaFacturacionElectronica.docx = Documentacion\ManualTecnico\ManualArquitecturaFacturacionElectronica.docx
		Documentacion\ManualTecnico\ManualTecnicoServiciosFacturaE.docx = Documentacion\ManualTecnico\ManualTecnicoServiciosFacturaE.docx
	EndProjectSection
EndProject
Project("{FAE04EC0-301F-11D3-BF4B-00C04F79EFBC}") = "HGInetFacturaETestConsola", "HGInetFacturaETestConsola\HGInetFacturaETestConsola.csproj", "{101B7B4C-B4CF-42E9-8370-30B2C3147346}"
EndProject
Project("{FAE04EC0-301F-11D3-BF4B-00C04F79EFBC}") = "HGInetDIANServicios", "HGInetDIANServicios\HGInetDIANServicios.csproj", "{E87C13D9-AEF2-442C-B377-7A5D7290502A}"
EndProject
Project("{2150E333-8FDC-42A3-9474-1A3956D46DE8}") = "Librerias", "Librerias", "{59113B66-AE70-4B22-83BC-94B88ED048AF}"
	ProjectSection(SolutionItems) = preProject
		Documentacion\Librerias\GlobalAssemblyInfo.cs = Documentacion\Librerias\GlobalAssemblyInfo.cs
	EndProjectSection
EndProject
Project("{2150E333-8FDC-42A3-9474-1A3956D46DE8}") = "Firma", "Firma", "{EBACB14C-A142-4A25-84E0-EE8A1626BE41}"
	ProjectSection(SolutionItems) = preProject
		Documentacion\Librerias\Firma\BouncyCastle.Crypto.dll = Documentacion\Librerias\Firma\BouncyCastle.Crypto.dll
	EndProjectSection
EndProject
Project("{FAE04EC0-301F-11D3-BF4B-00C04F79EFBC}") = "HGInetFirmaDigital", "HGInetFirmaDigital\HGInetFirmaDigital.csproj", "{9C888DE6-5AAE-45C6-9C50-E0844EF42A3C}"
EndProject
Project("{2150E333-8FDC-42A3-9474-1A3956D46DE8}") = "CertificadoDigital", "CertificadoDigital", "{23109A26-F049-4B31-B856-61B9F8990E5C}"
EndProject
Project("{2150E333-8FDC-42A3-9474-1A3956D46DE8}") = "Errores", "Errores", "{B86938E2-C84C-46A0-A40D-F4DB79E9DBA9}"
	ProjectSection(SolutionItems) = preProject
		Documentacion\CertificadoDigital\Errores\CryptographicException Cannot find the specified file.txt = Documentacion\CertificadoDigital\Errores\CryptographicException Cannot find the specified file.txt
	EndProjectSection
EndProject
Project("{2150E333-8FDC-42A3-9474-1A3956D46DE8}") = "Email", "Email", "{DD134E07-6322-4EA9-8A1F-777C13D3D20F}"
	ProjectSection(SolutionItems) = preProject
		Documentacion\Librerias\Email\HGInetEmailServicios.dll = Documentacion\Librerias\Email\HGInetEmailServicios.dll
	EndProjectSection
EndProject
Project("{2150E333-8FDC-42A3-9474-1A3956D46DE8}") = "DIANPruebas", "DIANPruebas", "{1B150BCF-D3BC-4E30-B239-74891D9AFC1E}"
EndProject
Project("{2150E333-8FDC-42A3-9474-1A3956D46DE8}") = "WSConsultaDocumentos", "WSConsultaDocumentos", "{74CA58BC-3812-4DBA-9D46-CD8E78A6EAF1}"
	ProjectSection(SolutionItems) = preProject
		Documentacion\DIANPruebas\WSConsultaDocumentos\396-Inexistente-Peticion.txt = Documentacion\DIANPruebas\WSConsultaDocumentos\396-Inexistente-Peticion.txt
		Documentacion\DIANPruebas\WSConsultaDocumentos\396-Inexistente-Respuesta.txt = Documentacion\DIANPruebas\WSConsultaDocumentos\396-Inexistente-Respuesta.txt
		Documentacion\DIANPruebas\WSConsultaDocumentos\990000396-Correcto-Peticion.txt = Documentacion\DIANPruebas\WSConsultaDocumentos\990000396-Correcto-Peticion.txt
		Documentacion\DIANPruebas\WSConsultaDocumentos\990000396-Correcto-Respuesta.txt = Documentacion\DIANPruebas\WSConsultaDocumentos\990000396-Correcto-Respuesta.txt
	EndProjectSection
EndProject
Project("{2150E333-8FDC-42A3-9474-1A3956D46DE8}") = "Liberaciones", "Liberaciones", "{F68822E5-02C3-462C-BCDB-847EEA6D72A6}"
EndProject
Project("{2150E333-8FDC-42A3-9474-1A3956D46DE8}") = "v2018.2", "v2018.2", "{455E2F68-5469-4137-B886-347444F87FF4}"
	ProjectSection(SolutionItems) = preProject
		20180606.txt = 20180606.txt
	EndProjectSection
EndProject
Global
	GlobalSection(SubversionScc) = preSolution
		Svn-Managed = True
		Manager = AnkhSVN - Subversion Support for Visual Studio
	EndGlobalSection
	GlobalSection(SolutionConfigurationPlatforms) = preSolution
		Debug|Any CPU = Debug|Any CPU
		Debug|x86 = Debug|x86
		Release|Any CPU = Release|Any CPU
		Release|x86 = Release|x86
	EndGlobalSection
	GlobalSection(ProjectConfigurationPlatforms) = postSolution
		{AC6AED45-A02D-4DF9-8CBF-2BF90C3CB491}.Debug|Any CPU.ActiveCfg = Debug|Any CPU
		{AC6AED45-A02D-4DF9-8CBF-2BF90C3CB491}.Debug|Any CPU.Build.0 = Debug|Any CPU
		{AC6AED45-A02D-4DF9-8CBF-2BF90C3CB491}.Debug|x86.ActiveCfg = Debug|Any CPU
		{AC6AED45-A02D-4DF9-8CBF-2BF90C3CB491}.Debug|x86.Build.0 = Debug|Any CPU
		{AC6AED45-A02D-4DF9-8CBF-2BF90C3CB491}.Release|Any CPU.ActiveCfg = Release|Any CPU
		{AC6AED45-A02D-4DF9-8CBF-2BF90C3CB491}.Release|Any CPU.Build.0 = Release|Any CPU
		{AC6AED45-A02D-4DF9-8CBF-2BF90C3CB491}.Release|x86.ActiveCfg = Release|Any CPU
		{AC6AED45-A02D-4DF9-8CBF-2BF90C3CB491}.Release|x86.Build.0 = Release|Any CPU
		{B3B46672-9956-48F5-B7CE-24C013995E47}.Debug|Any CPU.ActiveCfg = Debug|Any CPU
		{B3B46672-9956-48F5-B7CE-24C013995E47}.Debug|Any CPU.Build.0 = Debug|Any CPU
		{B3B46672-9956-48F5-B7CE-24C013995E47}.Debug|x86.ActiveCfg = Debug|Any CPU
		{B3B46672-9956-48F5-B7CE-24C013995E47}.Debug|x86.Build.0 = Debug|Any CPU
		{B3B46672-9956-48F5-B7CE-24C013995E47}.Release|Any CPU.ActiveCfg = Release|Any CPU
		{B3B46672-9956-48F5-B7CE-24C013995E47}.Release|Any CPU.Build.0 = Release|Any CPU
		{B3B46672-9956-48F5-B7CE-24C013995E47}.Release|x86.ActiveCfg = Release|Any CPU
		{B3B46672-9956-48F5-B7CE-24C013995E47}.Release|x86.Build.0 = Release|Any CPU
		{E571F23F-B598-4DB1-893B-D94EC0354775}.Debug|Any CPU.ActiveCfg = Debug|Any CPU
		{E571F23F-B598-4DB1-893B-D94EC0354775}.Debug|Any CPU.Build.0 = Debug|Any CPU
		{E571F23F-B598-4DB1-893B-D94EC0354775}.Debug|x86.ActiveCfg = Debug|Any CPU
		{E571F23F-B598-4DB1-893B-D94EC0354775}.Debug|x86.Build.0 = Debug|Any CPU
		{E571F23F-B598-4DB1-893B-D94EC0354775}.Release|Any CPU.ActiveCfg = Release|Any CPU
		{E571F23F-B598-4DB1-893B-D94EC0354775}.Release|Any CPU.Build.0 = Release|Any CPU
		{E571F23F-B598-4DB1-893B-D94EC0354775}.Release|x86.ActiveCfg = Release|Any CPU
		{E571F23F-B598-4DB1-893B-D94EC0354775}.Release|x86.Build.0 = Release|Any CPU
		{A966A394-F6CC-482F-87A4-56EC1AF05E5E}.Debug|Any CPU.ActiveCfg = Debug|Any CPU
		{A966A394-F6CC-482F-87A4-56EC1AF05E5E}.Debug|Any CPU.Build.0 = Debug|Any CPU
		{A966A394-F6CC-482F-87A4-56EC1AF05E5E}.Debug|x86.ActiveCfg = Debug|x86
		{A966A394-F6CC-482F-87A4-56EC1AF05E5E}.Debug|x86.Build.0 = Debug|x86
		{A966A394-F6CC-482F-87A4-56EC1AF05E5E}.Release|Any CPU.ActiveCfg = Release|Any CPU
		{A966A394-F6CC-482F-87A4-56EC1AF05E5E}.Release|Any CPU.Build.0 = Release|Any CPU
		{A966A394-F6CC-482F-87A4-56EC1AF05E5E}.Release|x86.ActiveCfg = Release|x86
		{A966A394-F6CC-482F-87A4-56EC1AF05E5E}.Release|x86.Build.0 = Release|x86
		{F112EDD7-AAE3-46CE-9A87-0BFAF3EDAF3E}.Debug|Any CPU.ActiveCfg = Debug|Any CPU
		{F112EDD7-AAE3-46CE-9A87-0BFAF3EDAF3E}.Debug|Any CPU.Build.0 = Debug|Any CPU
		{F112EDD7-AAE3-46CE-9A87-0BFAF3EDAF3E}.Debug|x86.ActiveCfg = Debug|Any CPU
		{F112EDD7-AAE3-46CE-9A87-0BFAF3EDAF3E}.Debug|x86.Build.0 = Debug|Any CPU
		{F112EDD7-AAE3-46CE-9A87-0BFAF3EDAF3E}.Release|Any CPU.ActiveCfg = Release|Any CPU
		{F112EDD7-AAE3-46CE-9A87-0BFAF3EDAF3E}.Release|Any CPU.Build.0 = Release|Any CPU
		{F112EDD7-AAE3-46CE-9A87-0BFAF3EDAF3E}.Release|x86.ActiveCfg = Release|Any CPU
		{F112EDD7-AAE3-46CE-9A87-0BFAF3EDAF3E}.Release|x86.Build.0 = Release|Any CPU
		{29CB08F8-08EA-40AE-AFD6-7A2A6C0D13D0}.Debug|Any CPU.ActiveCfg = Debug|Any CPU
		{29CB08F8-08EA-40AE-AFD6-7A2A6C0D13D0}.Debug|Any CPU.Build.0 = Debug|Any CPU
		{29CB08F8-08EA-40AE-AFD6-7A2A6C0D13D0}.Debug|x86.ActiveCfg = Debug|Any CPU
		{29CB08F8-08EA-40AE-AFD6-7A2A6C0D13D0}.Debug|x86.Build.0 = Debug|Any CPU
		{29CB08F8-08EA-40AE-AFD6-7A2A6C0D13D0}.Release|Any CPU.ActiveCfg = Release|Any CPU
		{29CB08F8-08EA-40AE-AFD6-7A2A6C0D13D0}.Release|Any CPU.Build.0 = Release|Any CPU
		{29CB08F8-08EA-40AE-AFD6-7A2A6C0D13D0}.Release|x86.ActiveCfg = Release|Any CPU
		{29CB08F8-08EA-40AE-AFD6-7A2A6C0D13D0}.Release|x86.Build.0 = Release|Any CPU
		{EE6399C8-F3C3-4537-B048-DBF0AD505F4D}.Debug|Any CPU.ActiveCfg = Debug|Any CPU
		{EE6399C8-F3C3-4537-B048-DBF0AD505F4D}.Debug|Any CPU.Build.0 = Debug|Any CPU
		{EE6399C8-F3C3-4537-B048-DBF0AD505F4D}.Debug|x86.ActiveCfg = Debug|Any CPU
		{EE6399C8-F3C3-4537-B048-DBF0AD505F4D}.Debug|x86.Build.0 = Debug|Any CPU
		{EE6399C8-F3C3-4537-B048-DBF0AD505F4D}.Release|Any CPU.ActiveCfg = Release|Any CPU
		{EE6399C8-F3C3-4537-B048-DBF0AD505F4D}.Release|Any CPU.Build.0 = Release|Any CPU
		{EE6399C8-F3C3-4537-B048-DBF0AD505F4D}.Release|x86.ActiveCfg = Release|Any CPU
		{EE6399C8-F3C3-4537-B048-DBF0AD505F4D}.Release|x86.Build.0 = Release|Any CPU
		{101B7B4C-B4CF-42E9-8370-30B2C3147346}.Debug|Any CPU.ActiveCfg = Debug|Any CPU
		{101B7B4C-B4CF-42E9-8370-30B2C3147346}.Debug|Any CPU.Build.0 = Debug|Any CPU
		{101B7B4C-B4CF-42E9-8370-30B2C3147346}.Debug|x86.ActiveCfg = Debug|Any CPU
		{101B7B4C-B4CF-42E9-8370-30B2C3147346}.Debug|x86.Build.0 = Debug|Any CPU
		{101B7B4C-B4CF-42E9-8370-30B2C3147346}.Release|Any CPU.ActiveCfg = Release|Any CPU
		{101B7B4C-B4CF-42E9-8370-30B2C3147346}.Release|Any CPU.Build.0 = Release|Any CPU
		{101B7B4C-B4CF-42E9-8370-30B2C3147346}.Release|x86.ActiveCfg = Release|Any CPU
		{101B7B4C-B4CF-42E9-8370-30B2C3147346}.Release|x86.Build.0 = Release|Any CPU
		{E87C13D9-AEF2-442C-B377-7A5D7290502A}.Debug|Any CPU.ActiveCfg = Debug|Any CPU
		{E87C13D9-AEF2-442C-B377-7A5D7290502A}.Debug|Any CPU.Build.0 = Debug|Any CPU
		{E87C13D9-AEF2-442C-B377-7A5D7290502A}.Debug|x86.ActiveCfg = Debug|Any CPU
		{E87C13D9-AEF2-442C-B377-7A5D7290502A}.Debug|x86.Build.0 = Debug|Any CPU
		{E87C13D9-AEF2-442C-B377-7A5D7290502A}.Release|Any CPU.ActiveCfg = Release|Any CPU
		{E87C13D9-AEF2-442C-B377-7A5D7290502A}.Release|Any CPU.Build.0 = Release|Any CPU
		{E87C13D9-AEF2-442C-B377-7A5D7290502A}.Release|x86.ActiveCfg = Release|Any CPU
		{E87C13D9-AEF2-442C-B377-7A5D7290502A}.Release|x86.Build.0 = Release|Any CPU
		{9C888DE6-5AAE-45C6-9C50-E0844EF42A3C}.Debug|Any CPU.ActiveCfg = Debug|Any CPU
		{9C888DE6-5AAE-45C6-9C50-E0844EF42A3C}.Debug|Any CPU.Build.0 = Debug|Any CPU
		{9C888DE6-5AAE-45C6-9C50-E0844EF42A3C}.Debug|x86.ActiveCfg = Debug|Any CPU
		{9C888DE6-5AAE-45C6-9C50-E0844EF42A3C}.Debug|x86.Build.0 = Debug|Any CPU
		{9C888DE6-5AAE-45C6-9C50-E0844EF42A3C}.Release|Any CPU.ActiveCfg = Release|Any CPU
		{9C888DE6-5AAE-45C6-9C50-E0844EF42A3C}.Release|Any CPU.Build.0 = Release|Any CPU
		{9C888DE6-5AAE-45C6-9C50-E0844EF42A3C}.Release|x86.ActiveCfg = Release|Any CPU
		{9C888DE6-5AAE-45C6-9C50-E0844EF42A3C}.Release|x86.Build.0 = Release|Any CPU
	EndGlobalSection
	GlobalSection(SolutionProperties) = preSolution
		HideSolutionNode = FALSE
	EndGlobalSection
	GlobalSection(NestedProjects) = preSolution
		{EFD98A42-3E60-459D-9574-8270FBFAC35E} = {2088ABAD-E463-4F38-8668-C410072AC57F}
		{59113B66-AE70-4B22-83BC-94B88ED048AF} = {2088ABAD-E463-4F38-8668-C410072AC57F}
		{EBACB14C-A142-4A25-84E0-EE8A1626BE41} = {59113B66-AE70-4B22-83BC-94B88ED048AF}
		{23109A26-F049-4B31-B856-61B9F8990E5C} = {2088ABAD-E463-4F38-8668-C410072AC57F}
		{B86938E2-C84C-46A0-A40D-F4DB79E9DBA9} = {23109A26-F049-4B31-B856-61B9F8990E5C}
		{DD134E07-6322-4EA9-8A1F-777C13D3D20F} = {59113B66-AE70-4B22-83BC-94B88ED048AF}
		{1B150BCF-D3BC-4E30-B239-74891D9AFC1E} = {2088ABAD-E463-4F38-8668-C410072AC57F}
		{74CA58BC-3812-4DBA-9D46-CD8E78A6EAF1} = {1B150BCF-D3BC-4E30-B239-74891D9AFC1E}
		{F68822E5-02C3-462C-BCDB-847EEA6D72A6} = {2088ABAD-E463-4F38-8668-C410072AC57F}
		{455E2F68-5469-4137-B886-347444F87FF4} = {F68822E5-02C3-462C-BCDB-847EEA6D72A6}
	EndGlobalSection
EndGlobal
